// !$*UTF8*$!
{
	archiveVersion = 1;
	classes = {
	};
	objectVersion = 77;
	objects = {

/* Begin PBXBuildFile section */
		0434A643770BBCD9E71AD961 /* MoonlitCore in Frameworks */ = {isa = PBXBuildFile; productRef = 7EE300B52893BDFEB6E4CD8A /* MoonlitCore */; };
		1D76ECF10296E2C499AA3D7A /* MacMainView.swift in Sources */ = {isa = PBXBuildFile; fileRef = 52DC05DEE092B59B66CC9462 /* MacMainView.swift */; };
		1DAC6A174AEB0CD71E887260 /* MoonlitMacApp.swift in Sources */ = {isa = PBXBuildFile; fileRef = AB2FDAA15BE1573F9A0DBE25 /* MoonlitMacApp.swift */; };
		2139E0904B51EBF40B0B2F2A /* MacLibraryView.swift in Sources */ = {isa = PBXBuildFile; fileRef = BA6671C5C2ADE5BEF5FC27BD /* MacLibraryView.swift */; };
		2282336F7B1A714D972B7B15 /* MacHeroArtworkProvider.swift in Sources */ = {isa = PBXBuildFile; fileRef = 68723EE3B4C7FE9139592ADC /* MacHeroArtworkProvider.swift */; };
		2489EF41CF3777E044E0A4DF /* MPVPlayerEngine.swift in Sources */ = {isa = PBXBuildFile; fileRef = 605DACE20012FDD95FF4DBBC /* MPVPlayerEngine.swift */; };
		2C15D148DA38303A1C7FE51B /* MacVideoPlayerSettingsView.swift in Sources */ = {isa = PBXBuildFile; fileRef = 9233E0C7BA3F9046C2251C68 /* MacVideoPlayerSettingsView.swift */; };
		2CF12E193DCD9262B9C471AA /* MacDetailView.swift in Sources */ = {isa = PBXBuildFile; fileRef = 052473F49CB95FBD1F8838AF /* MacDetailView.swift */; };
		32E6266EABC12DF8EF92A50D /* MacSettingsView.swift in Sources */ = {isa = PBXBuildFile; fileRef = ACEA8A56ABE9C564AB4E9980 /* MacSettingsView.swift */; };
		34B463C7670571C7C17AAB9E /* MacContentView.swift in Sources */ = {isa = PBXBuildFile; fileRef = 9BEA6021AB3614622579AC7C /* MacContentView.swift */; };
		369A90B492A5704D5DC58C25 /* CachedAsyncImage.swift in Sources */ = {isa = PBXBuildFile; fileRef = 2913E8E76C1F1C786DADC31B /* CachedAsyncImage.swift */; };
		38BA50E2986D20EEA4B5F1A9 /* HomeHero.swift in Sources */ = {isa = PBXBuildFile; fileRef = 6D2D82C47F098486AA781F81 /* HomeHero.swift */; };
		39BE4DABC68A721261025B9C /* home-organizer.json in Resources */ = {isa = PBXBuildFile; fileRef = 52F3EFA6F297A4AF855EBD5C /* home-organizer.json */; };
		3CE8F26ED8AE7DFB216FBF77 /* Moonlit.icns in Resources */ = {isa = PBXBuildFile; fileRef = A7A92444BA2DF9718F44ED60 /* Moonlit.icns */; };
		443F817AF38DE8B6B4FE9F5B /* MacSubtitleAppearanceView.swift in Sources */ = {isa = PBXBuildFile; fileRef = 969309521BF6039E67B1E940 /* MacSubtitleAppearanceView.swift */; };
		4CD29CF08FF71B5826D44643 /* MacGlass.swift in Sources */ = {isa = PBXBuildFile; fileRef = AC888E52897BC1B355CC6713 /* MacGlass.swift */; };
		4D3A2FB060D5449934E6D0CE /* MPVKit in Frameworks */ = {isa = PBXBuildFile; productRef = 0AFBE70E521A5ED1A84BD1E0 /* MPVKit */; };
		4EE583ED3CCDB5F3F73A1F7D /* MacSearchView.swift in Sources */ = {isa = PBXBuildFile; fileRef = 4FAFD5650F1E64747838706C /* MacSearchView.swift */; };
		563B44CDDD90A9C6E705F752 /* MacAdminView.swift in Sources */ = {isa = PBXBuildFile; fileRef = 120A55F30266640026255392 /* MacAdminView.swift */; };
		5BCBD0DC7BB95368925FFE1B /* AnimatedRemoteImage.swift in Sources */ = {isa = PBXBuildFile; fileRef = F3E5F3C38B059C096C03B643 /* AnimatedRemoteImage.swift */; };
		62C731C32F74857549B05275 /* MacActorBioView.swift in Sources */ = {isa = PBXBuildFile; fileRef = B1BA185DC9BB6B07E6C3B3BD /* MacActorBioView.swift */; };
		68516177FCB90B9BE51E70BD /* Assets.xcassets in Resources */ = {isa = PBXBuildFile; fileRef = CA508899867E4C60AADB62B5 /* Assets.xcassets */; };
		7806A82AD86D830C13022008 /* MediaCard.swift in Sources */ = {isa = PBXBuildFile; fileRef = 8855ACA248C766D43DB9144D /* MediaCard.swift */; };
		78D7B2DC74F7AC9F175738FF /* MacLottieLoadingView.swift in Sources */ = {isa = PBXBuildFile; fileRef = 1D4571A3350E71D289B912DB /* MacLottieLoadingView.swift */; };
		7E14037911AD9B23D6978970 /* ContinueWatchingCard.swift in Sources */ = {isa = PBXBuildFile; fileRef = BD0811B21A932A30DC1D1B55 /* ContinueWatchingCard.swift */; };
		869020F565D3CEB5AA75C4B5 /* MacHomeView.swift in Sources */ = {isa = PBXBuildFile; fileRef = 24B07B6B0246B63C0EC9BB03 /* MacHomeView.swift */; };
		8F1B9A926F9CA58792F577D2 /* PlayerControls.swift in Sources */ = {isa = PBXBuildFile; fileRef = 94B6903286BA940F4A67FF30 /* PlayerControls.swift */; };
		95136C466083E79257D84104 /* MacSourcePickerView.swift in Sources */ = {isa = PBXBuildFile; fileRef = 559206E80316542AAD8D2821 /* MacSourcePickerView.swift */; };
		A6C26BA60691377C36EBFF27 /* MoonlitMacResourceTests.swift in Sources */ = {isa = PBXBuildFile; fileRef = 3D8317D8AA7A977B0351A849 /* MoonlitMacResourceTests.swift */; };
		AD682F7FE08247D8F97E86E5 /* MetalLayer.swift in Sources */ = {isa = PBXBuildFile; fileRef = 14426D01C4C6E3EF23822635 /* MetalLayer.swift */; };
		B63B3DFEF07F667B09FEF412 /* MacPlayerView.swift in Sources */ = {isa = PBXBuildFile; fileRef = 5A6B522E61A9FACBF9E2BF71 /* MacPlayerView.swift */; };
		B9FBC76B0331FC8BA2D12C53 /* MediaRow.swift in Sources */ = {isa = PBXBuildFile; fileRef = 1F42FDB4DC3EDA9710A34C1A /* MediaRow.swift */; };
		BB6050FD6049668171D88419 /* MoonlitAvatars.swift in Sources */ = {isa = PBXBuildFile; fileRef = 20E6C311A3EC118D7BCB9A9F /* MoonlitAvatars.swift */; };
		BDFF2120F85A75F4EEC3B181 /* loading-animation-gradient-line-2-colors-1.json in Resources */ = {isa = PBXBuildFile; fileRef = 855BD155F1294A6AEF4F4453 /* loading-animation-gradient-line-2-colors-1.json */; };
		CA2164DE10D022CEA751A4FF /* SpeedPicker.swift in Sources */ = {isa = PBXBuildFile; fileRef = 07303D366ACA2319D3E716E6 /* SpeedPicker.swift */; };
		CA2E5E9B90419172A61BAFF3 /* MacFolderView.swift in Sources */ = {isa = PBXBuildFile; fileRef = 589D73729F6E2881FD799CB2 /* MacFolderView.swift */; };
		CCFF7478BD18E9E0DD1EA3F9 /* MacProfilePicker.swift in Sources */ = {isa = PBXBuildFile; fileRef = 09CDFE2D6CAE882D8A0244EF /* MacProfilePicker.swift */; };
		D419ED2B5AED6A1BD039D784 /* FolderTile.swift in Sources */ = {isa = PBXBuildFile; fileRef = D78AF5FE70C8EF9CD22D34C1 /* FolderTile.swift */; };
		DE84ED4EDA4FE188A5D8CB14 /* Lottie in Frameworks */ = {isa = PBXBuildFile; productRef = 714A04614BD4900CFC05BE8C /* Lottie */; };
		EF250AEB5E421C281406BF6A /* PillNavBar.swift in Sources */ = {isa = PBXBuildFile; fileRef = 7729F3A4A3F56A7FD59E46A2 /* PillNavBar.swift */; };
		F13517CDF27A7BD0B673BC61 /* MacAddonsView.swift in Sources */ = {isa = PBXBuildFile; fileRef = D342DAA55C11F5EEA6A8E12A /* MacAddonsView.swift */; };
		F53EA377EB3A79F7C11B26F4 /* MacAuthView.swift in Sources */ = {isa = PBXBuildFile; fileRef = 917796194D88F9B3EE550178 /* MacAuthView.swift */; };
		FA83F1C4EC9C87834AD976CA /* MPVPlayerViewRepresentable.swift in Sources */ = {isa = PBXBuildFile; fileRef = 726E6CEC0D2E28645E6524D5 /* MPVPlayerViewRepresentable.swift */; };
/* End PBXBuildFile section */

/* Begin PBXContainerItemProxy section */
		66E3A93A02446C91B5068050 /* PBXContainerItemProxy */ = {
			isa = PBXContainerItemProxy;
			containerPortal = E3C92D9700DD6003266D9FFF /* Project object */;
			proxyType = 1;
			remoteGlobalIDString = 3BC624FB355E14D0757AC284;
			remoteInfo = MoonlitMac;
		};
/* End PBXContainerItemProxy section */

/* Begin PBXFileReference section */
		052473F49CB95FBD1F8838AF /* MacDetailView.swift */ = {isa = PBXFileReference; lastKnownFileType = sourcecode.swift; path = MacDetailView.swift; sourceTree = "<group>"; };
		07303D366ACA2319D3E716E6 /* SpeedPicker.swift */ = {isa = PBXFileReference; lastKnownFileType = sourcecode.swift; path = SpeedPicker.swift; sourceTree = "<group>"; };
		09CDFE2D6CAE882D8A0244EF /* MacProfilePicker.swift */ = {isa = PBXFileReference; lastKnownFileType = sourcecode.swift; path = MacProfilePicker.swift; sourceTree = "<group>"; };
		120A55F30266640026255392 /* MacAdminView.swift */ = {isa = PBXFileReference; lastKnownFileType = sourcecode.swift; path = MacAdminView.swift; sourceTree = "<group>"; };
		14426D01C4C6E3EF23822635 /* MetalLayer.swift */ = {isa = PBXFileReference; lastKnownFileType = sourcecode.swift; path = MetalLayer.swift; sourceTree = "<group>"; };
		1D4571A3350E71D289B912DB /* MacLottieLoadingView.swift */ = {isa = PBXFileReference; lastKnownFileType = sourcecode.swift; path = MacLottieLoadingView.swift; sourceTree = "<group>"; };
		1F42FDB4DC3EDA9710A34C1A /* MediaRow.swift */ = {isa = PBXFileReference; lastKnownFileType = sourcecode.swift; path = MediaRow.swift; sourceTree = "<group>"; };
		20E6C311A3EC118D7BCB9A9F /* MoonlitAvatars.swift */ = {isa = PBXFileReference; lastKnownFileType = sourcecode.swift; path = MoonlitAvatars.swift; sourceTree = "<group>"; };
		24B07B6B0246B63C0EC9BB03 /* MacHomeView.swift */ = {isa = PBXFileReference; lastKnownFileType = sourcecode.swift; path = MacHomeView.swift; sourceTree = "<group>"; };
		2913E8E76C1F1C786DADC31B /* CachedAsyncImage.swift */ = {isa = PBXFileReference; lastKnownFileType = sourcecode.swift; path = CachedAsyncImage.swift; sourceTree = "<group>"; };
		3D8317D8AA7A977B0351A849 /* MoonlitMacResourceTests.swift */ = {isa = PBXFileReference; lastKnownFileType = sourcecode.swift; path = MoonlitMacResourceTests.swift; sourceTree = "<group>"; };
		4FAFD5650F1E64747838706C /* MacSearchView.swift */ = {isa = PBXFileReference; lastKnownFileType = sourcecode.swift; path = MacSearchView.swift; sourceTree = "<group>"; };
		52DC05DEE092B59B66CC9462 /* MacMainView.swift */ = {isa = PBXFileReference; lastKnownFileType = sourcecode.swift; path = MacMainView.swift; sourceTree = "<group>"; };
		52F3EFA6F297A4AF855EBD5C /* home-organizer.json */ = {isa = PBXFileReference; lastKnownFileType = text.json; path = "home-organizer.json"; sourceTree = "<group>"; };
		559206E80316542AAD8D2821 /* MacSourcePickerView.swift */ = {isa = PBXFileReference; lastKnownFileType = sourcecode.swift; path = MacSourcePickerView.swift; sourceTree = "<group>"; };
		589D73729F6E2881FD799CB2 /* MacFolderView.swift */ = {isa = PBXFileReference; lastKnownFileType = sourcecode.swift; path = MacFolderView.swift; sourceTree = "<group>"; };
		5A6B522E61A9FACBF9E2BF71 /* MacPlayerView.swift */ = {isa = PBXFileReference; lastKnownFileType = sourcecode.swift; path = MacPlayerView.swift; sourceTree = "<group>"; };
		605DACE20012FDD95FF4DBBC /* MPVPlayerEngine.swift */ = {isa = PBXFileReference; lastKnownFileType = sourcecode.swift; path = MPVPlayerEngine.swift; sourceTree = "<group>"; };
		68723EE3B4C7FE9139592ADC /* MacHeroArtworkProvider.swift */ = {isa = PBXFileReference; lastKnownFileType = sourcecode.swift; path = MacHeroArtworkProvider.swift; sourceTree = "<group>"; };
		6D2D82C47F098486AA781F81 /* HomeHero.swift */ = {isa = PBXFileReference; lastKnownFileType = sourcecode.swift; path = HomeHero.swift; sourceTree = "<group>"; };
		726E6CEC0D2E28645E6524D5 /* MPVPlayerViewRepresentable.swift */ = {isa = PBXFileReference; lastKnownFileType = sourcecode.swift; path = MPVPlayerViewRepresentable.swift; sourceTree = "<group>"; };
		752DF6DD8BA3733825230785 /* MoonlitMac.app */ = {isa = PBXFileReference; explicitFileType = wrapper.application; includeInIndex = 0; path = MoonlitMac.app; sourceTree = BUILT_PRODUCTS_DIR; };
		7729F3A4A3F56A7FD59E46A2 /* PillNavBar.swift */ = {isa = PBXFileReference; lastKnownFileType = sourcecode.swift; path = PillNavBar.swift; sourceTree = "<group>"; };
		855BD155F1294A6AEF4F4453 /* loading-animation-gradient-line-2-colors-1.json */ = {isa = PBXFileReference; lastKnownFileType = text.json; path = "loading-animation-gradient-line-2-colors-1.json"; sourceTree = "<group>"; };
		8855ACA248C766D43DB9144D /* MediaCard.swift */ = {isa = PBXFileReference; lastKnownFileType = sourcecode.swift; path = MediaCard.swift; sourceTree = "<group>"; };
		917796194D88F9B3EE550178 /* MacAuthView.swift */ = {isa = PBXFileReference; lastKnownFileType = sourcecode.swift; path = MacAuthView.swift; sourceTree = "<group>"; };
		9233E0C7BA3F9046C2251C68 /* MacVideoPlayerSettingsView.swift */ = {isa = PBXFileReference; lastKnownFileType = sourcecode.swift; path = MacVideoPlayerSettingsView.swift; sourceTree = "<group>"; };
		94B6903286BA940F4A67FF30 /* PlayerControls.swift */ = {isa = PBXFileReference; lastKnownFileType = sourcecode.swift; path = PlayerControls.swift; sourceTree = "<group>"; };
		969309521BF6039E67B1E940 /* MacSubtitleAppearanceView.swift */ = {isa = PBXFileReference; lastKnownFileType = sourcecode.swift; path = MacSubtitleAppearanceView.swift; sourceTree = "<group>"; };
		9BEA6021AB3614622579AC7C /* MacContentView.swift */ = {isa = PBXFileReference; lastKnownFileType = sourcecode.swift; path = MacContentView.swift; sourceTree = "<group>"; };
		A7A92444BA2DF9718F44ED60 /* Moonlit.icns */ = {isa = PBXFileReference; lastKnownFileType = image.icns; path = Moonlit.icns; sourceTree = "<group>"; };
		AB2FDAA15BE1573F9A0DBE25 /* MoonlitMacApp.swift */ = {isa = PBXFileReference; lastKnownFileType = sourcecode.swift; path = MoonlitMacApp.swift; sourceTree = "<group>"; };
		AC888E52897BC1B355CC6713 /* MacGlass.swift */ = {isa = PBXFileReference; lastKnownFileType = sourcecode.swift; path = MacGlass.swift; sourceTree = "<group>"; };
		ACEA8A56ABE9C564AB4E9980 /* MacSettingsView.swift */ = {isa = PBXFileReference; lastKnownFileType = sourcecode.swift; path = MacSettingsView.swift; sourceTree = "<group>"; };
		B1BA185DC9BB6B07E6C3B3BD /* MacActorBioView.swift */ = {isa = PBXFileReference; lastKnownFileType = sourcecode.swift; path = MacActorBioView.swift; sourceTree = "<group>"; };
		BA6671C5C2ADE5BEF5FC27BD /* MacLibraryView.swift */ = {isa = PBXFileReference; lastKnownFileType = sourcecode.swift; path = MacLibraryView.swift; sourceTree = "<group>"; };
		BD0811B21A932A30DC1D1B55 /* ContinueWatchingCard.swift */ = {isa = PBXFileReference; lastKnownFileType = sourcecode.swift; path = ContinueWatchingCard.swift; sourceTree = "<group>"; };
		C41BD9F68DBC2090B4A4D651 /* MoonlitMacTests.xctest */ = {isa = PBXFileReference; explicitFileType = wrapper.cfbundle; includeInIndex = 0; path = MoonlitMacTests.xctest; sourceTree = BUILT_PRODUCTS_DIR; };
		C7B6DC32972C4ADAAFB1A917 /* MoonlitCore */ = {isa = PBXFileReference; lastKnownFileType = folder; name = MoonlitCore; path = ../../Packages/MoonlitCore; sourceTree = SOURCE_ROOT; };
		CA508899867E4C60AADB62B5 /* Assets.xcassets */ = {isa = PBXFileReference; lastKnownFileType = folder.assetcatalog; path = Assets.xcassets; sourceTree = "<group>"; };
		D342DAA55C11F5EEA6A8E12A /* MacAddonsView.swift */ = {isa = PBXFileReference; lastKnownFileType = sourcecode.swift; path = MacAddonsView.swift; sourceTree = "<group>"; };
		D78AF5FE70C8EF9CD22D34C1 /* FolderTile.swift */ = {isa = PBXFileReference; lastKnownFileType = sourcecode.swift; path = FolderTile.swift; sourceTree = "<group>"; };
		F1EBEDB9393A3C2A221B949D /* MPVKit */ = {isa = PBXFileReference; lastKnownFileType = folder; name = MPVKit; path = ../../Vendor/MPVKit; sourceTree = SOURCE_ROOT; };
		F3E5F3C38B059C096C03B643 /* AnimatedRemoteImage.swift */ = {isa = PBXFileReference; lastKnownFileType = sourcecode.swift; path = AnimatedRemoteImage.swift; sourceTree = "<group>"; };
/* End PBXFileReference section */

/* Begin PBXFrameworksBuildPhase section */
		C16352130848D8C12DE0F731 /* Frameworks */ = {
			isa = PBXFrameworksBuildPhase;
			buildActionMask = 2147483647;
			files = (
				0434A643770BBCD9E71AD961 /* MoonlitCore in Frameworks */,
				4D3A2FB060D5449934E6D0CE /* MPVKit in Frameworks */,
				DE84ED4EDA4FE188A5D8CB14 /* Lottie in Frameworks */,
			);
			runOnlyForDeploymentPostprocessing = 0;
		};
/* End PBXFrameworksBuildPhase section */

/* Begin PBXGroup section */
		03011F32FE005201AE4E88FF /* Packages */ = {
			isa = PBXGroup;
			children = (
				C7B6DC32972C4ADAAFB1A917 /* MoonlitCore */,
				F1EBEDB9393A3C2A221B949D /* MPVKit */,
			);
			name = Packages;
			sourceTree = "<group>";
		};
		120106A2A16FCAE841DA3A8F /* Products */ = {
			isa = PBXGroup;
			children = (
				752DF6DD8BA3733825230785 /* MoonlitMac.app */,
				C41BD9F68DBC2090B4A4D651 /* MoonlitMacTests.xctest */,
			);
			name = Products;
			sourceTree = "<group>";
		};
		19E4EBEBD15032F13C9150B1 = {
			isa = PBXGroup;
			children = (
				CA508899867E4C60AADB62B5 /* Assets.xcassets */,
				03011F32FE005201AE4E88FF /* Packages */,
				9810D0A11AFF48A133CBEB7B /* Resources */,
				318F6C85E7393D360F0ADFD9 /* Sources */,
				6C2AE768D2325093460943D3 /* Tests */,
				120106A2A16FCAE841DA3A8F /* Products */,
			);
			sourceTree = "<group>";
		};
		1FA3650DB0F8D460449A83AA /* Components */ = {
			isa = PBXGroup;
			children = (
				F3E5F3C38B059C096C03B643 /* AnimatedRemoteImage.swift */,
				2913E8E76C1F1C786DADC31B /* CachedAsyncImage.swift */,
				BD0811B21A932A30DC1D1B55 /* ContinueWatchingCard.swift */,
				D78AF5FE70C8EF9CD22D34C1 /* FolderTile.swift */,
				6D2D82C47F098486AA781F81 /* HomeHero.swift */,
				AC888E52897BC1B355CC6713 /* MacGlass.swift */,
				68723EE3B4C7FE9139592ADC /* MacHeroArtworkProvider.swift */,
				1D4571A3350E71D289B912DB /* MacLottieLoadingView.swift */,
				8855ACA248C766D43DB9144D /* MediaCard.swift */,
				1F42FDB4DC3EDA9710A34C1A /* MediaRow.swift */,
				14426D01C4C6E3EF23822635 /* MetalLayer.swift */,
				20E6C311A3EC118D7BCB9A9F /* MoonlitAvatars.swift */,
				605DACE20012FDD95FF4DBBC /* MPVPlayerEngine.swift */,
				726E6CEC0D2E28645E6524D5 /* MPVPlayerViewRepresentable.swift */,
				7729F3A4A3F56A7FD59E46A2 /* PillNavBar.swift */,
				94B6903286BA940F4A67FF30 /* PlayerControls.swift */,
				07303D366ACA2319D3E716E6 /* SpeedPicker.swift */,
			);
			path = Components;
			sourceTree = "<group>";
		};
		318F6C85E7393D360F0ADFD9 /* Sources */ = {
			isa = PBXGroup;
			children = (
				9BEA6021AB3614622579AC7C /* MacContentView.swift */,
				AB2FDAA15BE1573F9A0DBE25 /* MoonlitMacApp.swift */,
				1FA3650DB0F8D460449A83AA /* Components */,
				6880BCCD9FC8010E4DA9C9CE /* Screens */,
			);
			path = Sources;
			sourceTree = "<group>";
		};
		6880BCCD9FC8010E4DA9C9CE /* Screens */ = {
			isa = PBXGroup;
			children = (
				B1BA185DC9BB6B07E6C3B3BD /* MacActorBioView.swift */,
				D342DAA55C11F5EEA6A8E12A /* MacAddonsView.swift */,
				120A55F30266640026255392 /* MacAdminView.swift */,
				917796194D88F9B3EE550178 /* MacAuthView.swift */,
				052473F49CB95FBD1F8838AF /* MacDetailView.swift */,
				589D73729F6E2881FD799CB2 /* MacFolderView.swift */,
				24B07B6B0246B63C0EC9BB03 /* MacHomeView.swift */,
				BA6671C5C2ADE5BEF5FC27BD /* MacLibraryView.swift */,
				52DC05DEE092B59B66CC9462 /* MacMainView.swift */,
				5A6B522E61A9FACBF9E2BF71 /* MacPlayerView.swift */,
				09CDFE2D6CAE882D8A0244EF /* MacProfilePicker.swift */,
				4FAFD5650F1E64747838706C /* MacSearchView.swift */,
				ACEA8A56ABE9C564AB4E9980 /* MacSettingsView.swift */,
				559206E80316542AAD8D2821 /* MacSourcePickerView.swift */,
				969309521BF6039E67B1E940 /* MacSubtitleAppearanceView.swift */,
				9233E0C7BA3F9046C2251C68 /* MacVideoPlayerSettingsView.swift */,
			);
			path = Screens;
			sourceTree = "<group>";
		};
		6C2AE768D2325093460943D3 /* Tests */ = {
			isa = PBXGroup;
			children = (
				3D8317D8AA7A977B0351A849 /* MoonlitMacResourceTests.swift */,
			);
			path = Tests;
			sourceTree = "<group>";
		};
		6D5E17B059EDB3D192765A7C /* Animations */ = {
			isa = PBXGroup;
			children = (
				855BD155F1294A6AEF4F4453 /* loading-animation-gradient-line-2-colors-1.json */,
			);
			path = Animations;
			sourceTree = "<group>";
		};
		9810D0A11AFF48A133CBEB7B /* Resources */ = {
			isa = PBXGroup;
			children = (
				52F3EFA6F297A4AF855EBD5C /* home-organizer.json */,
				A7A92444BA2DF9718F44ED60 /* Moonlit.icns */,
				6D5E17B059EDB3D192765A7C /* Animations */,
			);
			path = Resources;
			sourceTree = "<group>";
		};
/* End PBXGroup section */

/* Begin PBXNativeTarget section */
		3BC624FB355E14D0757AC284 /* MoonlitMac */ = {
			isa = PBXNativeTarget;
			buildConfigurationList = FF1C4792E5B6CBB370994222 /* Build configuration list for PBXNativeTarget "MoonlitMac" */;
			buildPhases = (
				97F4EACF98DCDC373990EE8C /* Sources */,
				52F6254157D34712BEC07E39 /* Resources */,
				C16352130848D8C12DE0F731 /* Frameworks */,
				CD083D0F888EADDB553C9D50 /* Normalize Embedded Frameworks */,
			);
			buildRules = (
			);
			dependencies = (
			);
			name = MoonlitMac;
			packageProductDependencies = (
				7EE300B52893BDFEB6E4CD8A /* MoonlitCore */,
				0AFBE70E521A5ED1A84BD1E0 /* MPVKit */,
				714A04614BD4900CFC05BE8C /* Lottie */,
			);
			productName = MoonlitMac;
			productReference = 752DF6DD8BA3733825230785 /* MoonlitMac.app */;
			productType = "com.apple.product-type.application";
		};
		56C5B70492F7E892E4AF3649 /* MoonlitMacTests */ = {
			isa = PBXNativeTarget;
			buildConfigurationList = F9505C0BEC73902EC3194991 /* Build configuration list for PBXNativeTarget "MoonlitMacTests" */;
			buildPhases = (
				5A676BC523B2B21758CC8269 /* Sources */,
			);
			buildRules = (
			);
			dependencies = (
				89502B21771FA73071C6988A /* PBXTargetDependency */,
			);
			name = MoonlitMacTests;
			packageProductDependencies = (
			);
			productName = MoonlitMacTests;
			productReference = C41BD9F68DBC2090B4A4D651 /* MoonlitMacTests.xctest */;
			productType = "com.apple.product-type.bundle.unit-test";
		};
/* End PBXNativeTarget section */

/* Begin PBXProject section */
		E3C92D9700DD6003266D9FFF /* Project object */ = {
			isa = PBXProject;
			attributes = {
				BuildIndependentTargetsInParallel = YES;
				LastUpgradeCheck = 1430;
				TargetAttributes = {
				};
			};
			buildConfigurationList = D002A7D68D0A5106742D166D /* Build configuration list for PBXProject "MoonlitMac" */;
			developmentRegion = en;
			hasScannedForEncodings = 0;
			knownRegions = (
				Base,
				en,
			);
			mainGroup = 19E4EBEBD15032F13C9150B1;
			minimizedProjectReferenceProxies = 1;
			packageReferences = (
				86D81FD7670F5C64A7FF3560 /* XCRemoteSwiftPackageReference "lottie-spm" */,
				E8EF178C15ABF2F766CE2F42 /* XCLocalSwiftPackageReference "../../Vendor/MPVKit" */,
				8F29A142C73F53CAC0CD23BF /* XCLocalSwiftPackageReference "../../Packages/MoonlitCore" */,
			);
			preferredProjectObjectVersion = 77;
			productRefGroup = 120106A2A16FCAE841DA3A8F /* Products */;
			projectDirPath = "";
			projectRoot = "";
			targets = (
				3BC624FB355E14D0757AC284 /* MoonlitMac */,
				56C5B70492F7E892E4AF3649 /* MoonlitMacTests */,
			);
		};
/* End PBXProject section */

/* Begin PBXResourcesBuildPhase section */
		52F6254157D34712BEC07E39 /* Resources */ = {
			isa = PBXResourcesBuildPhase;
			buildActionMask = 2147483647;
			files = (
				68516177FCB90B9BE51E70BD /* Assets.xcassets in Resources */,
				3CE8F26ED8AE7DFB216FBF77 /* Moonlit.icns in Resources */,
				39BE4DABC68A721261025B9C /* home-organizer.json in Resources */,
				BDFF2120F85A75F4EEC3B181 /* loading-animation-gradient-line-2-colors-1.json in Resources */,
			);
			runOnlyForDeploymentPostprocessing = 0;
		};
/* End PBXResourcesBuildPhase section */

/* Begin PBXShellScriptBuildPhase section */
		CD083D0F888EADDB553C9D50 /* Normalize Embedded Frameworks */ = {
			isa = PBXShellScriptBuildPhase;
			buildActionMask = 2147483647;
			files = (
			);
			inputFileListPaths = (
			);
			inputPaths = (
			);
			name = "Normalize Embedded Frameworks";
			outputFileListPaths = (
			);
			outputPaths = (
				"$(DERIVED_FILE_DIR)/NormalizeEmbeddedFrameworks.stamp",
			);
			runOnlyForDeploymentPostprocessing = 0;
			shellPath = /bin/sh;
			shellScript = "Scripts/normalize-embedded-frameworks.sh";
		};
/* End PBXShellScriptBuildPhase section */

/* Begin PBXSourcesBuildPhase section */
		5A676BC523B2B21758CC8269 /* Sources */ = {
			isa = PBXSourcesBuildPhase;
			buildActionMask = 2147483647;
			files = (
				A6C26BA60691377C36EBFF27 /* MoonlitMacResourceTests.swift in Sources */,
			);
			runOnlyForDeploymentPostprocessing = 0;
		};
		97F4EACF98DCDC373990EE8C /* Sources */ = {
			isa = PBXSourcesBuildPhase;
			buildActionMask = 2147483647;
			files = (
				5BCBD0DC7BB95368925FFE1B /* AnimatedRemoteImage.swift in Sources */,
				369A90B492A5704D5DC58C25 /* CachedAsyncImage.swift in Sources */,
				7E14037911AD9B23D6978970 /* ContinueWatchingCard.swift in Sources */,
				D419ED2B5AED6A1BD039D784 /* FolderTile.swift in Sources */,
				38BA50E2986D20EEA4B5F1A9 /* HomeHero.swift in Sources */,
				2489EF41CF3777E044E0A4DF /* MPVPlayerEngine.swift in Sources */,
				FA83F1C4EC9C87834AD976CA /* MPVPlayerViewRepresentable.swift in Sources */,
				62C731C32F74857549B05275 /* MacActorBioView.swift in Sources */,
				F13517CDF27A7BD0B673BC61 /* MacAddonsView.swift in Sources */,
				563B44CDDD90A9C6E705F752 /* MacAdminView.swift in Sources */,
				F53EA377EB3A79F7C11B26F4 /* MacAuthView.swift in Sources */,
				34B463C7670571C7C17AAB9E /* MacContentView.swift in Sources */,
				2CF12E193DCD9262B9C471AA /* MacDetailView.swift in Sources */,
				CA2E5E9B90419172A61BAFF3 /* MacFolderView.swift in Sources */,
				4CD29CF08FF71B5826D44643 /* MacGlass.swift in Sources */,
				2282336F7B1A714D972B7B15 /* MacHeroArtworkProvider.swift in Sources */,
				869020F565D3CEB5AA75C4B5 /* MacHomeView.swift in Sources */,
				2139E0904B51EBF40B0B2F2A /* MacLibraryView.swift in Sources */,
				78D7B2DC74F7AC9F175738FF /* MacLottieLoadingView.swift in Sources */,
				1D76ECF10296E2C499AA3D7A /* MacMainView.swift in Sources */,
				B63B3DFEF07F667B09FEF412 /* MacPlayerView.swift in Sources */,
				CCFF7478BD18E9E0DD1EA3F9 /* MacProfilePicker.swift in Sources */,
				4EE583ED3CCDB5F3F73A1F7D /* MacSearchView.swift in Sources */,
				32E6266EABC12DF8EF92A50D /* MacSettingsView.swift in Sources */,
				95136C466083E79257D84104 /* MacSourcePickerView.swift in Sources */,
				443F817AF38DE8B6B4FE9F5B /* MacSubtitleAppearanceView.swift in Sources */,
				2C15D148DA38303A1C7FE51B /* MacVideoPlayerSettingsView.swift in Sources */,
				7806A82AD86D830C13022008 /* MediaCard.swift in Sources */,
				B9FBC76B0331FC8BA2D12C53 /* MediaRow.swift in Sources */,
				AD682F7FE08247D8F97E86E5 /* MetalLayer.swift in Sources */,
				BB6050FD6049668171D88419 /* MoonlitAvatars.swift in Sources */,
				1DAC6A174AEB0CD71E887260 /* MoonlitMacApp.swift in Sources */,
				EF250AEB5E421C281406BF6A /* PillNavBar.swift in Sources */,
				8F1B9A926F9CA58792F577D2 /* PlayerControls.swift in Sources */,
				CA2164DE10D022CEA751A4FF /* SpeedPicker.swift in Sources */,
			);
			runOnlyForDeploymentPostprocessing = 0;
		};
/* End PBXSourcesBuildPhase section */

/* Begin PBXTargetDependency section */
		89502B21771FA73071C6988A /* PBXTargetDependency */ = {
			isa = PBXTargetDependency;
			target = 3BC624FB355E14D0757AC284 /* MoonlitMac */;
			targetProxy = 66E3A93A02446C91B5068050 /* PBXContainerItemProxy */;
		};
/* End PBXTargetDependency section */

/* Begin XCBuildConfiguration section */
		16633168597291E1486EEB95 /* Debug */ = {
			isa = XCBuildConfiguration;
			buildSettings = {
				ASSETCATALOG_COMPILER_APPICON_NAME = AppIcon;
				COMBINE_HIDPI_IMAGES = YES;
				INFOPLIST_KEY_CFBundleIconFile = Moonlit;
				INFOPLIST_KEY_LSMinimumSystemVersion = 14.0;
				INFOPLIST_KEY_NSAppTransportSecurity = "[\"NSAllowsArbitraryLoads\": true]";
				LD_RUNPATH_SEARCH_PATHS = (
					"$(inherited)",
					"@executable_path/../Frameworks",
				);
				PRODUCT_BUNDLE_IDENTIFIER = com.moonlit.mac;
				SDKROOT = macosx;
			};
			name = Debug;
		};
		8613745B1314766E5659CDF4 /* Release */ = {
			isa = XCBuildConfiguration;
			buildSettings = {
				ALWAYS_SEARCH_USER_PATHS = NO;
				CLANG_ANALYZER_NONNULL = YES;
				CLANG_ANALYZER_NUMBER_OBJECT_CONVERSION = YES_AGGRESSIVE;
				CLANG_CXX_LANGUAGE_STANDARD = "gnu++14";
				CLANG_CXX_LIBRARY = "libc++";
				CLANG_ENABLE_MODULES = YES;
				CLANG_ENABLE_OBJC_ARC = YES;
				CLANG_ENABLE_OBJC_WEAK = YES;
				CLANG_WARN_BLOCK_CAPTURE_AUTORELEASING = YES;
				CLANG_WARN_BOOL_CONVERSION = YES;
				CLANG_WARN_COMMA = YES;
				CLANG_WARN_CONSTANT_CONVERSION = YES;
				CLANG_WARN_DEPRECATED_OBJC_IMPLEMENTATIONS = YES;
				CLANG_WARN_DIRECT_OBJC_ISA_USAGE = YES_ERROR;
				CLANG_WARN_DOCUMENTATION_COMMENTS = YES;
				CLANG_WARN_EMPTY_BODY = YES;
				CLANG_WARN_ENUM_CONVERSION = YES;
				CLANG_WARN_INFINITE_RECURSION = YES;
				CLANG_WARN_INT_CONVERSION = YES;
				CLANG_WARN_NON_LITERAL_NULL_CONVERSION = YES;
				CLANG_WARN_OBJC_IMPLICIT_RETAIN_SELF = YES;
				CLANG_WARN_OBJC_LITERAL_CONVERSION = YES;
				CLANG_WARN_OBJC_ROOT_CLASS = YES_ERROR;
				CLANG_WARN_QUOTED_INCLUDE_IN_FRAMEWORK_HEADER = YES;
				CLANG_WARN_RANGE_LOOP_ANALYSIS = YES;
				CLANG_WARN_STRICT_PROTOTYPES = YES;
				CLANG_WARN_SUSPICIOUS_MOVE = YES;
				CLANG_WARN_UNGUARDED_AVAILABILITY = YES_AGGRESSIVE;
				CLANG_WARN_UNREACHABLE_CODE = YES;
				CLANG_WARN__DUPLICATE_METHOD_MATCH = YES;
				COPY_PHASE_STRIP = NO;
				CURRENT_PROJECT_VERSION = 1;
				DEBUG_INFORMATION_FORMAT = "dwarf-with-dsym";
				ENABLE_NS_ASSERTIONS = NO;
				ENABLE_STRICT_OBJC_MSGSEND = YES;
				GCC_C_LANGUAGE_STANDARD = gnu11;
				GCC_NO_COMMON_BLOCKS = YES;
				GCC_WARN_64_TO_32_BIT_CONVERSION = YES;
				GCC_WARN_ABOUT_RETURN_TYPE = YES_ERROR;
				GCC_WARN_UNDECLARED_SELECTOR = YES;
				GCC_WARN_UNINITIALIZED_AUTOS = YES_AGGRESSIVE;
				GCC_WARN_UNUSED_FUNCTION = YES;
				GCC_WARN_UNUSED_VARIABLE = YES;
				GENERATE_INFOPLIST_FILE = YES;
				INFOPLIST_KEY_CFBundleDisplayName = Moonlit;
				INFOPLIST_KEY_NSHumanReadableCopyright = "Copyright © 2026 Moonlit";
				MACOSX_DEPLOYMENT_TARGET = 14.0;
				MARKETING_VERSION = 1.0.0;
				MTL_ENABLE_DEBUG_INFO = NO;
				MTL_FAST_MATH = YES;
				PRODUCT_NAME = "$(TARGET_NAME)";
				SDKROOT = macosx;
				SWIFT_COMPILATION_MODE = wholemodule;
				SWIFT_OPTIMIZATION_LEVEL = "-O";
				SWIFT_VERSION = 5.0;
			};
			name = Release;
		};
		9E23C698E7216B5550E08707 /* Release */ = {
			isa = XCBuildConfiguration;
			buildSettings = {
				BUNDLE_LOADER = "$(TEST_HOST)";
				COMBINE_HIDPI_IMAGES = YES;
				LD_RUNPATH_SEARCH_PATHS = (
					"$(inherited)",
					"@executable_path/../Frameworks",
					"@loader_path/../Frameworks",
				);
				PRODUCT_BUNDLE_IDENTIFIER = com.moonlit.mac.tests;
				SDKROOT = macosx;
				TEST_HOST = "$(BUILT_PRODUCTS_DIR)/MoonlitMac.app/Contents/MacOS/MoonlitMac";
			};
			name = Release;
		};
		B349C402B4B05B1FD88C281B /* Release */ = {
			isa = XCBuildConfiguration;
			buildSettings = {
				ASSETCATALOG_COMPILER_APPICON_NAME = AppIcon;
				COMBINE_HIDPI_IMAGES = YES;
				INFOPLIST_KEY_CFBundleIconFile = Moonlit;
				INFOPLIST_KEY_LSMinimumSystemVersion = 14.0;
				INFOPLIST_KEY_NSAppTransportSecurity = "[\"NSAllowsArbitraryLoads\": true]";
				LD_RUNPATH_SEARCH_PATHS = (
					"$(inherited)",
					"@executable_path/../Frameworks",
				);
				PRODUCT_BUNDLE_IDENTIFIER = com.moonlit.mac;
				SDKROOT = macosx;
			};
			name = Release;
		};
		BCA989AFC80D8418B7736E5C /* Debug */ = {
			isa = XCBuildConfiguration;
			buildSettings = {
				BUNDLE_LOADER = "$(TEST_HOST)";
				COMBINE_HIDPI_IMAGES = YES;
				LD_RUNPATH_SEARCH_PATHS = (
					"$(inherited)",
					"@executable_path/../Frameworks",
					"@loader_path/../Frameworks",
				);
				PRODUCT_BUNDLE_IDENTIFIER = com.moonlit.mac.tests;
				SDKROOT = macosx;
				TEST_HOST = "$(BUILT_PRODUCTS_DIR)/MoonlitMac.app/Contents/MacOS/MoonlitMac";
			};
			name = Debug;
		};
		BD20540A96F939FF32245710 /* Debug */ = {
			isa = XCBuildConfiguration;
			buildSettings = {
				ALWAYS_SEARCH_USER_PATHS = NO;
				CLANG_ANALYZER_NONNULL = YES;
				CLANG_ANALYZER_NUMBER_OBJECT_CONVERSION = YES_AGGRESSIVE;
				CLANG_CXX_LANGUAGE_STANDARD = "gnu++14";
				CLANG_CXX_LIBRARY = "libc++";
				CLANG_ENABLE_MODULES = YES;
				CLANG_ENABLE_OBJC_ARC = YES;
				CLANG_ENABLE_OBJC_WEAK = YES;
				CLANG_WARN_BLOCK_CAPTURE_AUTORELEASING = YES;
				CLANG_WARN_BOOL_CONVERSION = YES;
				CLANG_WARN_COMMA = YES;
				CLANG_WARN_CONSTANT_CONVERSION = YES;
				CLANG_WARN_DEPRECATED_OBJC_IMPLEMENTATIONS = YES;
				CLANG_WARN_DIRECT_OBJC_ISA_USAGE = YES_ERROR;
				CLANG_WARN_DOCUMENTATION_COMMENTS = YES;
				CLANG_WARN_EMPTY_BODY = YES;
				CLANG_WARN_ENUM_CONVERSION = YES;
				CLANG_WARN_INFINITE_RECURSION = YES;
				CLANG_WARN_INT_CONVERSION = YES;
				CLANG_WARN_NON_LITERAL_NULL_CONVERSION = YES;
				CLANG_WARN_OBJC_IMPLICIT_RETAIN_SELF = YES;
				CLANG_WARN_OBJC_LITERAL_CONVERSION = YES;
				CLANG_WARN_OBJC_ROOT_CLASS = YES_ERROR;
				CLANG_WARN_QUOTED_INCLUDE_IN_FRAMEWORK_HEADER = YES;
				CLANG_WARN_RANGE_LOOP_ANALYSIS = YES;
				CLANG_WARN_STRICT_PROTOTYPES = YES;
				CLANG_WARN_SUSPICIOUS_MOVE = YES;
				CLANG_WARN_UNGUARDED_AVAILABILITY = YES_AGGRESSIVE;
				CLANG_WARN_UNREACHABLE_CODE = YES;
				CLANG_WARN__DUPLICATE_METHOD_MATCH = YES;
				COPY_PHASE_STRIP = NO;
				CURRENT_PROJECT_VERSION = 1;
				DEBUG_INFORMATION_FORMAT = dwarf;
				ENABLE_STRICT_OBJC_MSGSEND = YES;
				ENABLE_TESTABILITY = YES;
				GCC_C_LANGUAGE_STANDARD = gnu11;
				GCC_DYNAMIC_NO_PIC = NO;
				GCC_NO_COMMON_BLOCKS = YES;
				GCC_OPTIMIZATION_LEVEL = 0;
				GCC_PREPROCESSOR_DEFINITIONS = (
					"$(inherited)",
					"DEBUG=1",
				);
				GCC_WARN_64_TO_32_BIT_CONVERSION = YES;
				GCC_WARN_ABOUT_RETURN_TYPE = YES_ERROR;
				GCC_WARN_UNDECLARED_SELECTOR = YES;
				GCC_WARN_UNINITIALIZED_AUTOS = YES_AGGRESSIVE;
				GCC_WARN_UNUSED_FUNCTION = YES;
				GCC_WARN_UNUSED_VARIABLE = YES;
				GENERATE_INFOPLIST_FILE = YES;
				INFOPLIST_KEY_CFBundleDisplayName = Moonlit;
				INFOPLIST_KEY_NSHumanReadableCopyright = "Copyright © 2026 Moonlit";
				MACOSX_DEPLOYMENT_TARGET = 14.0;
				MARKETING_VERSION = 1.0.0;
				MTL_ENABLE_DEBUG_INFO = INCLUDE_SOURCE;
				MTL_FAST_MATH = YES;
				ONLY_ACTIVE_ARCH = YES;
				PRODUCT_NAME = "$(TARGET_NAME)";
				SDKROOT = macosx;
				SWIFT_ACTIVE_COMPILATION_CONDITIONS = DEBUG;
				SWIFT_OPTIMIZATION_LEVEL = "-Onone";
				SWIFT_VERSION = 5.0;
			};
			name = Debug;
		};
/* End XCBuildConfiguration section */

/* Begin XCConfigurationList section */
		D002A7D68D0A5106742D166D /* Build configuration list for PBXProject "MoonlitMac" */ = {
			isa = XCConfigurationList;
			buildConfigurations = (
				BD20540A96F939FF32245710 /* Debug */,
				8613745B1314766E5659CDF4 /* Release */,
			);
			defaultConfigurationIsVisible = 0;
			defaultConfigurationName = Debug;
		};
		F9505C0BEC73902EC3194991 /* Build configuration list for PBXNativeTarget "MoonlitMacTests" */ = {
			isa = XCConfigurationList;
			buildConfigurations = (
				BCA989AFC80D8418B7736E5C /* Debug */,
				9E23C698E7216B5550E08707 /* Release */,
			);
			defaultConfigurationIsVisible = 0;
			defaultConfigurationName = Debug;
		};
		FF1C4792E5B6CBB370994222 /* Build configuration list for PBXNativeTarget "MoonlitMac" */ = {
			isa = XCConfigurationList;
			buildConfigurations = (
				16633168597291E1486EEB95 /* Debug */,
				B349C402B4B05B1FD88C281B /* Release */,
			);
			defaultConfigurationIsVisible = 0;
			defaultConfigurationName = Debug;
		};
/* End XCConfigurationList section */

/* Begin XCLocalSwiftPackageReference section */
		8F29A142C73F53CAC0CD23BF /* XCLocalSwiftPackageReference "../../Packages/MoonlitCore" */ = {
			isa = XCLocalSwiftPackageReference;
			relativePath = ../../Packages/MoonlitCore;
		};
		E8EF178C15ABF2F766CE2F42 /* XCLocalSwiftPackageReference "../../Vendor/MPVKit" */ = {
			isa = XCLocalSwiftPackageReference;
			relativePath = ../../Vendor/MPVKit;
		};
/* End XCLocalSwiftPackageReference section */

/* Begin XCRemoteSwiftPackageReference section */
		86D81FD7670F5C64A7FF3560 /* XCRemoteSwiftPackageReference "lottie-spm" */ = {
			isa = XCRemoteSwiftPackageReference;
			repositoryURL = "https://github.com/airbnb/lottie-spm.git";
			requirement = {
				kind = upToNextMajorVersion;
				minimumVersion = 4.6.0;
			};
		};
/* End XCRemoteSwiftPackageReference section */

/* Begin XCSwiftPackageProductDependency section */
		0AFBE70E521A5ED1A84BD1E0 /* MPVKit */ = {
			isa = XCSwiftPackageProductDependency;
			productName = MPVKit;
		};
		714A04614BD4900CFC05BE8C /* Lottie */ = {
			isa = XCSwiftPackageProductDependency;
			package = 86D81FD7670F5C64A7FF3560 /* XCRemoteSwiftPackageReference "lottie-spm" */;
			productName = Lottie;
		};
		7EE300B52893BDFEB6E4CD8A /* MoonlitCore */ = {
			isa = XCSwiftPackageProductDependency;
			productName = MoonlitCore;
		};
/* End XCSwiftPackageProductDependency section */
	};
	rootObject = E3C92D9700DD6003266D9FFF /* Project object */;
}
