// !$*UTF8*$!
{
	archiveVersion = 1;
	classes = {
	};
	objectVersion = 77;
	objects = {

/* Begin PBXBuildFile section */
		15FB252603EEA7C4D7FC39C7 /* LunaMacApp.swift in Sources */ = {isa = PBXBuildFile; fileRef = 92D9F1BB9E9AE2FDD4783A8F /* LunaMacApp.swift */; };
		5929F5E5D758B256FD265F19 /* LunaCore in Frameworks */ = {isa = PBXBuildFile; productRef = 4F6E3BD74A2D01311C1048D5 /* LunaCore */; };
		A9A49E4E8BC133591DCB6A61 /* MacContentView.swift in Sources */ = {isa = PBXBuildFile; fileRef = B53A460FC16BE5421FED33AD /* MacContentView.swift */; };
/* End PBXBuildFile section */

/* Begin PBXFileReference section */
		4C4CBD50E5ABF9313F690081 /* LunaMac.app */ = {isa = PBXFileReference; explicitFileType = wrapper.application; includeInIndex = 0; path = LunaMac.app; sourceTree = BUILT_PRODUCTS_DIR; };
		92D9F1BB9E9AE2FDD4783A8F /* LunaMacApp.swift */ = {isa = PBXFileReference; lastKnownFileType = sourcecode.swift; path = LunaMacApp.swift; sourceTree = "<group>"; };
		B53A460FC16BE5421FED33AD /* MacContentView.swift */ = {isa = PBXFileReference; lastKnownFileType = sourcecode.swift; path = MacContentView.swift; sourceTree = "<group>"; };
		FEE04ABAC67B0DA9A28641FC /* LunaCore */ = {isa = PBXFileReference; lastKnownFileType = folder; name = LunaCore; path = ../../Packages/LunaCore; sourceTree = SOURCE_ROOT; };
/* End PBXFileReference section */

/* Begin PBXFrameworksBuildPhase section */
		2B3A6C897AA82D7D3B469371 /* Frameworks */ = {
			isa = PBXFrameworksBuildPhase;
			buildActionMask = 2147483647;
			files = (
				5929F5E5D758B256FD265F19 /* LunaCore in Frameworks */,
			);
			runOnlyForDeploymentPostprocessing = 0;
		};
/* End PBXFrameworksBuildPhase section */

/* Begin PBXGroup section */
		037C85AC699919FA0D49B241 /* Products */ = {
			isa = PBXGroup;
			children = (
				4C4CBD50E5ABF9313F690081 /* LunaMac.app */,
			);
			name = Products;
			sourceTree = "<group>";
		};
		5439718B417E33A732EB8518 = {
			isa = PBXGroup;
			children = (
				D77E24EDF41934D89B9FD85F /* Packages */,
				B87C8F611C498CBB8E0E2011 /* Sources */,
				037C85AC699919FA0D49B241 /* Products */,
			);
			sourceTree = "<group>";
		};
		B87C8F611C498CBB8E0E2011 /* Sources */ = {
			isa = PBXGroup;
			children = (
				92D9F1BB9E9AE2FDD4783A8F /* LunaMacApp.swift */,
				B53A460FC16BE5421FED33AD /* MacContentView.swift */,
			);
			path = Sources;
			sourceTree = "<group>";
		};
		D77E24EDF41934D89B9FD85F /* Packages */ = {
			isa = PBXGroup;
			children = (
				FEE04ABAC67B0DA9A28641FC /* LunaCore */,
			);
			name = Packages;
			sourceTree = "<group>";
		};
/* End PBXGroup section */

/* Begin PBXNativeTarget section */
		56D385A67106F9B9D9246827 /* LunaMac */ = {
			isa = PBXNativeTarget;
			buildConfigurationList = BAA7E967B0D11F5FC70A1EFE /* Build configuration list for PBXNativeTarget "LunaMac" */;
			buildPhases = (
				72F36C0C557CB523166AD994 /* Sources */,
				2B3A6C897AA82D7D3B469371 /* Frameworks */,
			);
			buildRules = (
			);
			dependencies = (
			);
			name = LunaMac;
			packageProductDependencies = (
				4F6E3BD74A2D01311C1048D5 /* LunaCore */,
			);
			productName = LunaMac;
			productReference = 4C4CBD50E5ABF9313F690081 /* LunaMac.app */;
			productType = "com.apple.product-type.application";
		};
/* End PBXNativeTarget section */

/* Begin PBXProject section */
		178C18AFD3EDC36A00A8E183 /* Project object */ = {
			isa = PBXProject;
			attributes = {
				BuildIndependentTargetsInParallel = YES;
				LastUpgradeCheck = 1430;
				TargetAttributes = {
				};
			};
			buildConfigurationList = 1B34AC1B320EF7EE77C46D07 /* Build configuration list for PBXProject "LunaMac" */;
			developmentRegion = en;
			hasScannedForEncodings = 0;
			knownRegions = (
				Base,
				en,
			);
			mainGroup = 5439718B417E33A732EB8518;
			minimizedProjectReferenceProxies = 1;
			packageReferences = (
				64D720CCF27616688AFEFF48 /* XCLocalSwiftPackageReference "../../Packages/LunaCore" */,
			);
			preferredProjectObjectVersion = 77;
			productRefGroup = 037C85AC699919FA0D49B241 /* Products */;
			projectDirPath = "";
			projectRoot = "";
			targets = (
				56D385A67106F9B9D9246827 /* LunaMac */,
			);
		};
/* End PBXProject section */

/* Begin PBXSourcesBuildPhase section */
		72F36C0C557CB523166AD994 /* Sources */ = {
			isa = PBXSourcesBuildPhase;
			buildActionMask = 2147483647;
			files = (
				15FB252603EEA7C4D7FC39C7 /* LunaMacApp.swift in Sources */,
				A9A49E4E8BC133591DCB6A61 /* MacContentView.swift in Sources */,
			);
			runOnlyForDeploymentPostprocessing = 0;
		};
/* End PBXSourcesBuildPhase section */

/* Begin XCBuildConfiguration section */
		7D3F4486F9EFDA1034C5B5DF /* Debug */ = {
			isa = XCBuildConfiguration;
			buildSettings = {
				ASSETCATALOG_COMPILER_APPICON_NAME = AppIcon;
				COMBINE_HIDPI_IMAGES = YES;
				INFOPLIST_KEY_LSMinimumSystemVersion = 14.0;
				INFOPLIST_KEY_NSAppTransportSecurity = "[\"NSAllowsArbitraryLoads\": true]";
				LD_RUNPATH_SEARCH_PATHS = (
					"$(inherited)",
					"@executable_path/../Frameworks",
				);
				PRODUCT_BUNDLE_IDENTIFIER = com.luna.mac;
				SDKROOT = macosx;
			};
			name = Debug;
		};
		B2F97A7A91F8CA0204D0496F /* Debug */ = {
			isa = XCBuildConfiguration;
			buildSettings = {
				ALWAYS_SEARCH_USER_PATHS = NO;
				CLANG_ANALYZER_NONNULL = YES;
				CLANG_ANALYZER_NUMBER_OBJECT_CONVERSION = YES_AGGRESSIVE;
				CLANG_CXX_LANGUAGE_STANDARD = "gnu++14";
				CLANG_CXX_LIBRARY = "libc++";
				CLANG_ENABLE_MODULES = YES;
				CLANG_ENABLE_OBJC_ARC = YES;
				CLANG_ENABLE_OBJC_WEAK = YES;
				CLANG_WARN_BLOCK_CAPTURE_AUTORELEASING = YES;
				CLANG_WARN_BOOL_CONVERSION = YES;
				CLANG_WARN_COMMA = YES;
				CLANG_WARN_CONSTANT_CONVERSION = YES;
				CLANG_WARN_DEPRECATED_OBJC_IMPLEMENTATIONS = YES;
				CLANG_WARN_DIRECT_OBJC_ISA_USAGE = YES_ERROR;
				CLANG_WARN_DOCUMENTATION_COMMENTS = YES;
				CLANG_WARN_EMPTY_BODY = YES;
				CLANG_WARN_ENUM_CONVERSION = YES;
				CLANG_WARN_INFINITE_RECURSION = YES;
				CLANG_WARN_INT_CONVERSION = YES;
				CLANG_WARN_NON_LITERAL_NULL_CONVERSION = YES;
				CLANG_WARN_OBJC_IMPLICIT_RETAIN_SELF = YES;
				CLANG_WARN_OBJC_LITERAL_CONVERSION = YES;
				CLANG_WARN_OBJC_ROOT_CLASS = YES_ERROR;
				CLANG_WARN_QUOTED_INCLUDE_IN_FRAMEWORK_HEADER = YES;
				CLANG_WARN_RANGE_LOOP_ANALYSIS = YES;
				CLANG_WARN_STRICT_PROTOTYPES = YES;
				CLANG_WARN_SUSPICIOUS_MOVE = YES;
				CLANG_WARN_UNGUARDED_AVAILABILITY = YES_AGGRESSIVE;
				CLANG_WARN_UNREACHABLE_CODE = YES;
				CLANG_WARN__DUPLICATE_METHOD_MATCH = YES;
				COPY_PHASE_STRIP = NO;
				CURRENT_PROJECT_VERSION = 1;
				DEBUG_INFORMATION_FORMAT = dwarf;
				ENABLE_STRICT_OBJC_MSGSEND = YES;
				ENABLE_TESTABILITY = YES;
				GCC_C_LANGUAGE_STANDARD = gnu11;
				GCC_DYNAMIC_NO_PIC = NO;
				GCC_NO_COMMON_BLOCKS = YES;
				GCC_OPTIMIZATION_LEVEL = 0;
				GCC_PREPROCESSOR_DEFINITIONS = (
					"$(inherited)",
					"DEBUG=1",
				);
				GCC_WARN_64_TO_32_BIT_CONVERSION = YES;
				GCC_WARN_ABOUT_RETURN_TYPE = YES_ERROR;
				GCC_WARN_UNDECLARED_SELECTOR = YES;
				GCC_WARN_UNINITIALIZED_AUTOS = YES_AGGRESSIVE;
				GCC_WARN_UNUSED_FUNCTION = YES;
				GCC_WARN_UNUSED_VARIABLE = YES;
				GENERATE_INFOPLIST_FILE = YES;
				INFOPLIST_KEY_CFBundleDisplayName = Luna;
				INFOPLIST_KEY_NSHumanReadableCopyright = "Copyright © 2026 Luna";
				MACOSX_DEPLOYMENT_TARGET = 14.0;
				MARKETING_VERSION = 1.0.0;
				MTL_ENABLE_DEBUG_INFO = INCLUDE_SOURCE;
				MTL_FAST_MATH = YES;
				ONLY_ACTIVE_ARCH = YES;
				PRODUCT_NAME = "$(TARGET_NAME)";
				SDKROOT = macosx;
				SWIFT_ACTIVE_COMPILATION_CONDITIONS = DEBUG;
				SWIFT_OPTIMIZATION_LEVEL = "-Onone";
				SWIFT_VERSION = 5.0;
			};
			name = Debug;
		};
		BE8FFA4E756537796B2C346C /* Release */ = {
			isa = XCBuildConfiguration;
			buildSettings = {
				ALWAYS_SEARCH_USER_PATHS = NO;
				CLANG_ANALYZER_NONNULL = YES;
				CLANG_ANALYZER_NUMBER_OBJECT_CONVERSION = YES_AGGRESSIVE;
				CLANG_CXX_LANGUAGE_STANDARD = "gnu++14";
				CLANG_CXX_LIBRARY = "libc++";
				CLANG_ENABLE_MODULES = YES;
				CLANG_ENABLE_OBJC_ARC = YES;
				CLANG_ENABLE_OBJC_WEAK = YES;
				CLANG_WARN_BLOCK_CAPTURE_AUTORELEASING = YES;
				CLANG_WARN_BOOL_CONVERSION = YES;
				CLANG_WARN_COMMA = YES;
				CLANG_WARN_CONSTANT_CONVERSION = YES;
				CLANG_WARN_DEPRECATED_OBJC_IMPLEMENTATIONS = YES;
				CLANG_WARN_DIRECT_OBJC_ISA_USAGE = YES_ERROR;
				CLANG_WARN_DOCUMENTATION_COMMENTS = YES;
				CLANG_WARN_EMPTY_BODY = YES;
				CLANG_WARN_ENUM_CONVERSION = YES;
				CLANG_WARN_INFINITE_RECURSION = YES;
				CLANG_WARN_INT_CONVERSION = YES;
				CLANG_WARN_NON_LITERAL_NULL_CONVERSION = YES;
				CLANG_WARN_OBJC_IMPLICIT_RETAIN_SELF = YES;
				CLANG_WARN_OBJC_LITERAL_CONVERSION = YES;
				CLANG_WARN_OBJC_ROOT_CLASS = YES_ERROR;
				CLANG_WARN_QUOTED_INCLUDE_IN_FRAMEWORK_HEADER = YES;
				CLANG_WARN_RANGE_LOOP_ANALYSIS = YES;
				CLANG_WARN_STRICT_PROTOTYPES = YES;
				CLANG_WARN_SUSPICIOUS_MOVE = YES;
				CLANG_WARN_UNGUARDED_AVAILABILITY = YES_AGGRESSIVE;
				CLANG_WARN_UNREACHABLE_CODE = YES;
				CLANG_WARN__DUPLICATE_METHOD_MATCH = YES;
				COPY_PHASE_STRIP = NO;
				CURRENT_PROJECT_VERSION = 1;
				DEBUG_INFORMATION_FORMAT = "dwarf-with-dsym";
				ENABLE_NS_ASSERTIONS = NO;
				ENABLE_STRICT_OBJC_MSGSEND = YES;
				GCC_C_LANGUAGE_STANDARD = gnu11;
				GCC_NO_COMMON_BLOCKS = YES;
				GCC_WARN_64_TO_32_BIT_CONVERSION = YES;
				GCC_WARN_ABOUT_RETURN_TYPE = YES_ERROR;
				GCC_WARN_UNDECLARED_SELECTOR = YES;
				GCC_WARN_UNINITIALIZED_AUTOS = YES_AGGRESSIVE;
				GCC_WARN_UNUSED_FUNCTION = YES;
				GCC_WARN_UNUSED_VARIABLE = YES;
				GENERATE_INFOPLIST_FILE = YES;
				INFOPLIST_KEY_CFBundleDisplayName = Luna;
				INFOPLIST_KEY_NSHumanReadableCopyright = "Copyright © 2026 Luna";
				MACOSX_DEPLOYMENT_TARGET = 14.0;
				MARKETING_VERSION = 1.0.0;
				MTL_ENABLE_DEBUG_INFO = NO;
				MTL_FAST_MATH = YES;
				PRODUCT_NAME = "$(TARGET_NAME)";
				SDKROOT = macosx;
				SWIFT_COMPILATION_MODE = wholemodule;
				SWIFT_OPTIMIZATION_LEVEL = "-O";
				SWIFT_VERSION = 5.0;
			};
			name = Release;
		};
		EF8E41EA2060612BE05B6ECF /* Release */ = {
			isa = XCBuildConfiguration;
			buildSettings = {
				ASSETCATALOG_COMPILER_APPICON_NAME = AppIcon;
				COMBINE_HIDPI_IMAGES = YES;
				INFOPLIST_KEY_LSMinimumSystemVersion = 14.0;
				INFOPLIST_KEY_NSAppTransportSecurity = "[\"NSAllowsArbitraryLoads\": true]";
				LD_RUNPATH_SEARCH_PATHS = (
					"$(inherited)",
					"@executable_path/../Frameworks",
				);
				PRODUCT_BUNDLE_IDENTIFIER = com.luna.mac;
				SDKROOT = macosx;
			};
			name = Release;
		};
/* End XCBuildConfiguration section */

/* Begin XCConfigurationList section */
		1B34AC1B320EF7EE77C46D07 /* Build configuration list for PBXProject "LunaMac" */ = {
			isa = XCConfigurationList;
			buildConfigurations = (
				B2F97A7A91F8CA0204D0496F /* Debug */,
				BE8FFA4E756537796B2C346C /* Release */,
			);
			defaultConfigurationIsVisible = 0;
			defaultConfigurationName = Debug;
		};
		BAA7E967B0D11F5FC70A1EFE /* Build configuration list for PBXNativeTarget "LunaMac" */ = {
			isa = XCConfigurationList;
			buildConfigurations = (
				7D3F4486F9EFDA1034C5B5DF /* Debug */,
				EF8E41EA2060612BE05B6ECF /* Release */,
			);
			defaultConfigurationIsVisible = 0;
			defaultConfigurationName = Debug;
		};
/* End XCConfigurationList section */

/* Begin XCLocalSwiftPackageReference section */
		64D720CCF27616688AFEFF48 /* XCLocalSwiftPackageReference "../../Packages/LunaCore" */ = {
			isa = XCLocalSwiftPackageReference;
			relativePath = ../../Packages/LunaCore;
		};
/* End XCLocalSwiftPackageReference section */

/* Begin XCSwiftPackageProductDependency section */
		4F6E3BD74A2D01311C1048D5 /* LunaCore */ = {
			isa = XCSwiftPackageProductDependency;
			productName = LunaCore;
		};
/* End XCSwiftPackageProductDependency section */
	};
	rootObject = 178C18AFD3EDC36A00A8E183 /* Project object */;
}
