// !$*UTF8*$!
{
	archiveVersion = 1;
	classes = {
	};
	objectVersion = 77;
	objects = {

/* Begin PBXBuildFile section */
		0B57296543256691C6D991EC /* SpeedPicker.swift in Sources */ = {isa = PBXBuildFile; fileRef = 67A23554298F8A05D33B879C /* SpeedPicker.swift */; };
		A11CE00000000000000000B2 /* Assets.xcassets in Resources */ = {isa = PBXBuildFile; fileRef = A11CE00000000000000000B1 /* Assets.xcassets */; };
		0F3BD507FE7FA21B19743891 /* PillNavBar.swift in Sources */ = {isa = PBXBuildFile; fileRef = FC87226396402DD391FC0EA8 /* PillNavBar.swift */; };
		15FB252603EEA7C4D7FC39C7 /* LunaMacApp.swift in Sources */ = {isa = PBXBuildFile; fileRef = 92D9F1BB9E9AE2FDD4783A8F /* LunaMacApp.swift */; };
		25AE3ED3CBBD178DFBCF88F2 /* ContinueWatchingCard.swift in Sources */ = {isa = PBXBuildFile; fileRef = 775F60F464BE79EC3685B054 /* ContinueWatchingCard.swift */; };
		30A7F5B81F542C66B576E7E3 /* MacLibraryView.swift in Sources */ = {isa = PBXBuildFile; fileRef = 8E3C2DCECD2B7BBD1E62300A /* MacLibraryView.swift */; };
		3CD8BA658DFA090A2D7B5621 /* MacAuthView.swift in Sources */ = {isa = PBXBuildFile; fileRef = D8B87DAA71242DF9A656DCC4 /* MacAuthView.swift */; };
		456C4033B9C9DF37A4B1B382 /* MacAdminView.swift in Sources */ = {isa = PBXBuildFile; fileRef = 6D24BDBB6F196CA6094875E9 /* MacAdminView.swift */; };
		565CE88C9336673A2BABF16B /* MacHomeView.swift in Sources */ = {isa = PBXBuildFile; fileRef = 6C51C80E1940DC37AA21E56C /* MacHomeView.swift */; };
		580E8A06A92EFB58FF9EF6D8 /* MacMainView.swift in Sources */ = {isa = PBXBuildFile; fileRef = FF36B59A4459AB90AD9C9E09 /* MacMainView.swift */; };
		5929F5E5D758B256FD265F19 /* LunaCore in Frameworks */ = {isa = PBXBuildFile; productRef = 4F6E3BD74A2D01311C1048D5 /* LunaCore */; };
		65D1AF8F826165F896E92DA2 /* MacSourcePickerView.swift in Sources */ = {isa = PBXBuildFile; fileRef = FF8BF349BAE6250AED2F8370 /* MacSourcePickerView.swift */; };
		7026486A2C47C1CE954A7BE6 /* HomeHero.swift in Sources */ = {isa = PBXBuildFile; fileRef = 45C6A214683E2B604D87AA91 /* HomeHero.swift */; };
		84C5E5FFE1D3F5226DCC4BE5 /* MediaRow.swift in Sources */ = {isa = PBXBuildFile; fileRef = 006E59DB9A61C6A5A152E632 /* MediaRow.swift */; };
		9383AA93E4D04DC15CBCDF82 /* MacPlayerView.swift in Sources */ = {isa = PBXBuildFile; fileRef = AC90CF64165DA630E2398414 /* MacPlayerView.swift */; };
		95EE5E40FB296F8A0319DFA6 /* MacSearchView.swift in Sources */ = {isa = PBXBuildFile; fileRef = BD1B58A01087611937F21C50 /* MacSearchView.swift */; };
		A9285E1A4E03656E35065A78 /* MacDetailView.swift in Sources */ = {isa = PBXBuildFile; fileRef = 829AE6A8F0565E672EC5F338 /* MacDetailView.swift */; };
		A9A49E4E8BC133591DCB6A61 /* MacContentView.swift in Sources */ = {isa = PBXBuildFile; fileRef = B53A460FC16BE5421FED33AD /* MacContentView.swift */; };
		B43C580DD8A4C423B51F1EFF /* MacProfilePicker.swift in Sources */ = {isa = PBXBuildFile; fileRef = DEDDB7A72E9337ECC2CB05A7 /* MacProfilePicker.swift */; };
		C5D5555B82EB6B2CBF0151CD /* MacSettingsView.swift in Sources */ = {isa = PBXBuildFile; fileRef = 21DE9B3C9A2A39B080AC0F27 /* MacSettingsView.swift */; };
		D99997302B6EA5C673698261 /* MediaCard.swift in Sources */ = {isa = PBXBuildFile; fileRef = BDEDFE44DDD166A13C9ECF51 /* MediaCard.swift */; };
		E3B11EDDDFED7C4080DF0CEA /* FolderTile.swift in Sources */ = {isa = PBXBuildFile; fileRef = E04C03F95F27BE7FEBCE6E67 /* FolderTile.swift */; };
		EBE89F85647D566821D3B42E /* PlayerControls.swift in Sources */ = {isa = PBXBuildFile; fileRef = 1D208A16CA8BCBA46CC00B06 /* PlayerControls.swift */; };
/* End PBXBuildFile section */

/* Begin PBXFileReference section */
		006E59DB9A61C6A5A152E632 /* MediaRow.swift */ = {isa = PBXFileReference; lastKnownFileType = sourcecode.swift; path = MediaRow.swift; sourceTree = "<group>"; };
		A11CE00000000000000000B1 /* Assets.xcassets */ = {isa = PBXFileReference; lastKnownFileType = folder.assetcatalog; path = Assets.xcassets; sourceTree = "<group>"; };
		1D208A16CA8BCBA46CC00B06 /* PlayerControls.swift */ = {isa = PBXFileReference; lastKnownFileType = sourcecode.swift; path = PlayerControls.swift; sourceTree = "<group>"; };
		21DE9B3C9A2A39B080AC0F27 /* MacSettingsView.swift */ = {isa = PBXFileReference; lastKnownFileType = sourcecode.swift; path = MacSettingsView.swift; sourceTree = "<group>"; };
		45C6A214683E2B604D87AA91 /* HomeHero.swift */ = {isa = PBXFileReference; lastKnownFileType = sourcecode.swift; path = HomeHero.swift; sourceTree = "<group>"; };
		4C4CBD50E5ABF9313F690081 /* LunaMac.app */ = {isa = PBXFileReference; explicitFileType = wrapper.application; includeInIndex = 0; path = LunaMac.app; sourceTree = BUILT_PRODUCTS_DIR; };
		67A23554298F8A05D33B879C /* SpeedPicker.swift */ = {isa = PBXFileReference; lastKnownFileType = sourcecode.swift; path = SpeedPicker.swift; sourceTree = "<group>"; };
		6C51C80E1940DC37AA21E56C /* MacHomeView.swift */ = {isa = PBXFileReference; lastKnownFileType = sourcecode.swift; path = MacHomeView.swift; sourceTree = "<group>"; };
		6D24BDBB6F196CA6094875E9 /* MacAdminView.swift */ = {isa = PBXFileReference; lastKnownFileType = sourcecode.swift; path = MacAdminView.swift; sourceTree = "<group>"; };
		775F60F464BE79EC3685B054 /* ContinueWatchingCard.swift */ = {isa = PBXFileReference; lastKnownFileType = sourcecode.swift; path = ContinueWatchingCard.swift; sourceTree = "<group>"; };
		829AE6A8F0565E672EC5F338 /* MacDetailView.swift */ = {isa = PBXFileReference; lastKnownFileType = sourcecode.swift; path = MacDetailView.swift; sourceTree = "<group>"; };
		8E3C2DCECD2B7BBD1E62300A /* MacLibraryView.swift */ = {isa = PBXFileReference; lastKnownFileType = sourcecode.swift; path = MacLibraryView.swift; sourceTree = "<group>"; };
		92D9F1BB9E9AE2FDD4783A8F /* LunaMacApp.swift */ = {isa = PBXFileReference; lastKnownFileType = sourcecode.swift; path = LunaMacApp.swift; sourceTree = "<group>"; };
		AC90CF64165DA630E2398414 /* MacPlayerView.swift */ = {isa = PBXFileReference; lastKnownFileType = sourcecode.swift; path = MacPlayerView.swift; sourceTree = "<group>"; };
		B53A460FC16BE5421FED33AD /* MacContentView.swift */ = {isa = PBXFileReference; lastKnownFileType = sourcecode.swift; path = MacContentView.swift; sourceTree = "<group>"; };
		BD1B58A01087611937F21C50 /* MacSearchView.swift */ = {isa = PBXFileReference; lastKnownFileType = sourcecode.swift; path = MacSearchView.swift; sourceTree = "<group>"; };
		BDEDFE44DDD166A13C9ECF51 /* MediaCard.swift */ = {isa = PBXFileReference; lastKnownFileType = sourcecode.swift; path = MediaCard.swift; sourceTree = "<group>"; };
		D8B87DAA71242DF9A656DCC4 /* MacAuthView.swift */ = {isa = PBXFileReference; lastKnownFileType = sourcecode.swift; path = MacAuthView.swift; sourceTree = "<group>"; };
		DEDDB7A72E9337ECC2CB05A7 /* MacProfilePicker.swift */ = {isa = PBXFileReference; lastKnownFileType = sourcecode.swift; path = MacProfilePicker.swift; sourceTree = "<group>"; };
		E04C03F95F27BE7FEBCE6E67 /* FolderTile.swift */ = {isa = PBXFileReference; lastKnownFileType = sourcecode.swift; path = FolderTile.swift; sourceTree = "<group>"; };
		FC87226396402DD391FC0EA8 /* PillNavBar.swift */ = {isa = PBXFileReference; lastKnownFileType = sourcecode.swift; path = PillNavBar.swift; sourceTree = "<group>"; };
		FEE04ABAC67B0DA9A28641FC /* LunaCore */ = {isa = PBXFileReference; lastKnownFileType = folder; name = LunaCore; path = ../../Packages/LunaCore; sourceTree = SOURCE_ROOT; };
		FF36B59A4459AB90AD9C9E09 /* MacMainView.swift */ = {isa = PBXFileReference; lastKnownFileType = sourcecode.swift; path = MacMainView.swift; sourceTree = "<group>"; };
		FF8BF349BAE6250AED2F8370 /* MacSourcePickerView.swift */ = {isa = PBXFileReference; lastKnownFileType = sourcecode.swift; path = MacSourcePickerView.swift; sourceTree = "<group>"; };
/* End PBXFileReference section */

/* Begin PBXFrameworksBuildPhase section */
		2B3A6C897AA82D7D3B469371 /* Frameworks */ = {
			isa = PBXFrameworksBuildPhase;
			buildActionMask = 2147483647;
			files = (
				5929F5E5D758B256FD265F19 /* LunaCore in Frameworks */,
			);
			runOnlyForDeploymentPostprocessing = 0;
		};
/* End PBXFrameworksBuildPhase section */

/* Begin PBXResourcesBuildPhase section */
		A11CE00000000000000000B3 /* Resources */ = {
			isa = PBXResourcesBuildPhase;
			buildActionMask = 2147483647;
			files = (
				A11CE00000000000000000B2 /* Assets.xcassets in Resources */,
			);
			runOnlyForDeploymentPostprocessing = 0;
		};
/* End PBXResourcesBuildPhase section */

/* Begin PBXGroup section */
		037C85AC699919FA0D49B241 /* Products */ = {
			isa = PBXGroup;
			children = (
				4C4CBD50E5ABF9313F690081 /* LunaMac.app */,
			);
			name = Products;
			sourceTree = "<group>";
		};
		5439718B417E33A732EB8518 = {
			isa = PBXGroup;
			children = (
				D77E24EDF41934D89B9FD85F /* Packages */,
				B87C8F611C498CBB8E0E2011 /* Sources */,
				A11CE00000000000000000B1 /* Assets.xcassets */,
				037C85AC699919FA0D49B241 /* Products */,
			);
			sourceTree = "<group>";
		};
		599B9866C298E3918E1D466B /* Components */ = {
			isa = PBXGroup;
			children = (
				775F60F464BE79EC3685B054 /* ContinueWatchingCard.swift */,
				E04C03F95F27BE7FEBCE6E67 /* FolderTile.swift */,
				45C6A214683E2B604D87AA91 /* HomeHero.swift */,
				BDEDFE44DDD166A13C9ECF51 /* MediaCard.swift */,
				006E59DB9A61C6A5A152E632 /* MediaRow.swift */,
				FC87226396402DD391FC0EA8 /* PillNavBar.swift */,
				1D208A16CA8BCBA46CC00B06 /* PlayerControls.swift */,
				67A23554298F8A05D33B879C /* SpeedPicker.swift */,
			);
			path = Components;
			sourceTree = "<group>";
		};
		B87C8F611C498CBB8E0E2011 /* Sources */ = {
			isa = PBXGroup;
			children = (
				92D9F1BB9E9AE2FDD4783A8F /* LunaMacApp.swift */,
				B53A460FC16BE5421FED33AD /* MacContentView.swift */,
				599B9866C298E3918E1D466B /* Components */,
				C9BA046C7E19BACBA7A7DF73 /* Screens */,
			);
			path = Sources;
			sourceTree = "<group>";
		};
		C9BA046C7E19BACBA7A7DF73 /* Screens */ = {
			isa = PBXGroup;
			children = (
				6D24BDBB6F196CA6094875E9 /* MacAdminView.swift */,
				D8B87DAA71242DF9A656DCC4 /* MacAuthView.swift */,
				829AE6A8F0565E672EC5F338 /* MacDetailView.swift */,
				6C51C80E1940DC37AA21E56C /* MacHomeView.swift */,
				8E3C2DCECD2B7BBD1E62300A /* MacLibraryView.swift */,
				FF36B59A4459AB90AD9C9E09 /* MacMainView.swift */,
				AC90CF64165DA630E2398414 /* MacPlayerView.swift */,
				DEDDB7A72E9337ECC2CB05A7 /* MacProfilePicker.swift */,
				BD1B58A01087611937F21C50 /* MacSearchView.swift */,
				21DE9B3C9A2A39B080AC0F27 /* MacSettingsView.swift */,
				FF8BF349BAE6250AED2F8370 /* MacSourcePickerView.swift */,
			);
			path = Screens;
			sourceTree = "<group>";
		};
		D77E24EDF41934D89B9FD85F /* Packages */ = {
			isa = PBXGroup;
			children = (
				FEE04ABAC67B0DA9A28641FC /* LunaCore */,
			);
			name = Packages;
			sourceTree = "<group>";
		};
/* End PBXGroup section */

/* Begin PBXNativeTarget section */
		56D385A67106F9B9D9246827 /* LunaMac */ = {
			isa = PBXNativeTarget;
			buildConfigurationList = BAA7E967B0D11F5FC70A1EFE /* Build configuration list for PBXNativeTarget "LunaMac" */;
			buildPhases = (
				72F36C0C557CB523166AD994 /* Sources */,
				2B3A6C897AA82D7D3B469371 /* Frameworks */,
				A11CE00000000000000000B3 /* Resources */,
			);
			buildRules = (
			);
			dependencies = (
			);
			name = LunaMac;
			packageProductDependencies = (
				4F6E3BD74A2D01311C1048D5 /* LunaCore */,
			);
			productName = LunaMac;
			productReference = 4C4CBD50E5ABF9313F690081 /* LunaMac.app */;
			productType = "com.apple.product-type.application";
		};
/* End PBXNativeTarget section */

/* Begin PBXProject section */
		178C18AFD3EDC36A00A8E183 /* Project object */ = {
			isa = PBXProject;
			attributes = {
				BuildIndependentTargetsInParallel = YES;
				LastUpgradeCheck = 1430;
				TargetAttributes = {
				};
			};
			buildConfigurationList = 1B34AC1B320EF7EE77C46D07 /* Build configuration list for PBXProject "LunaMac" */;
			developmentRegion = en;
			hasScannedForEncodings = 0;
			knownRegions = (
				Base,
				en,
			);
			mainGroup = 5439718B417E33A732EB8518;
			minimizedProjectReferenceProxies = 1;
			packageReferences = (
				64D720CCF27616688AFEFF48 /* XCLocalSwiftPackageReference "../../Packages/LunaCore" */,
			);
			preferredProjectObjectVersion = 77;
			productRefGroup = 037C85AC699919FA0D49B241 /* Products */;
			projectDirPath = "";
			projectRoot = "";
			targets = (
				56D385A67106F9B9D9246827 /* LunaMac */,
			);
		};
/* End PBXProject section */

/* Begin PBXSourcesBuildPhase section */
		72F36C0C557CB523166AD994 /* Sources */ = {
			isa = PBXSourcesBuildPhase;
			buildActionMask = 2147483647;
			files = (
				25AE3ED3CBBD178DFBCF88F2 /* ContinueWatchingCard.swift in Sources */,
				E3B11EDDDFED7C4080DF0CEA /* FolderTile.swift in Sources */,
				7026486A2C47C1CE954A7BE6 /* HomeHero.swift in Sources */,
				15FB252603EEA7C4D7FC39C7 /* LunaMacApp.swift in Sources */,
				456C4033B9C9DF37A4B1B382 /* MacAdminView.swift in Sources */,
				3CD8BA658DFA090A2D7B5621 /* MacAuthView.swift in Sources */,
				A9A49E4E8BC133591DCB6A61 /* MacContentView.swift in Sources */,
				A9285E1A4E03656E35065A78 /* MacDetailView.swift in Sources */,
				565CE88C9336673A2BABF16B /* MacHomeView.swift in Sources */,
				30A7F5B81F542C66B576E7E3 /* MacLibraryView.swift in Sources */,
				580E8A06A92EFB58FF9EF6D8 /* MacMainView.swift in Sources */,
				9383AA93E4D04DC15CBCDF82 /* MacPlayerView.swift in Sources */,
				B43C580DD8A4C423B51F1EFF /* MacProfilePicker.swift in Sources */,
				95EE5E40FB296F8A0319DFA6 /* MacSearchView.swift in Sources */,
				C5D5555B82EB6B2CBF0151CD /* MacSettingsView.swift in Sources */,
				65D1AF8F826165F896E92DA2 /* MacSourcePickerView.swift in Sources */,
				D99997302B6EA5C673698261 /* MediaCard.swift in Sources */,
				84C5E5FFE1D3F5226DCC4BE5 /* MediaRow.swift in Sources */,
				0F3BD507FE7FA21B19743891 /* PillNavBar.swift in Sources */,
				EBE89F85647D566821D3B42E /* PlayerControls.swift in Sources */,
				0B57296543256691C6D991EC /* SpeedPicker.swift in Sources */,
			);
			runOnlyForDeploymentPostprocessing = 0;
		};
/* End PBXSourcesBuildPhase section */

/* Begin XCBuildConfiguration section */
		7D3F4486F9EFDA1034C5B5DF /* Debug */ = {
			isa = XCBuildConfiguration;
			buildSettings = {
				ASSETCATALOG_COMPILER_APPICON_NAME = AppIcon;
				COMBINE_HIDPI_IMAGES = YES;
				INFOPLIST_KEY_LSMinimumSystemVersion = 26.0;
				INFOPLIST_KEY_NSAppTransportSecurity = "[\"NSAllowsArbitraryLoads\": true]";
				LD_RUNPATH_SEARCH_PATHS = (
					"$(inherited)",
					"@executable_path/../Frameworks",
				);
				PRODUCT_BUNDLE_IDENTIFIER = com.luna.mac;
				SDKROOT = macosx;
			};
			name = Debug;
		};
		B2F97A7A91F8CA0204D0496F /* Debug */ = {
			isa = XCBuildConfiguration;
			buildSettings = {
				ALWAYS_SEARCH_USER_PATHS = NO;
				CLANG_ANALYZER_NONNULL = YES;
				CLANG_ANALYZER_NUMBER_OBJECT_CONVERSION = YES_AGGRESSIVE;
				CLANG_CXX_LANGUAGE_STANDARD = "gnu++14";
				CLANG_CXX_LIBRARY = "libc++";
				CLANG_ENABLE_MODULES = YES;
				CLANG_ENABLE_OBJC_ARC = YES;
				CLANG_ENABLE_OBJC_WEAK = YES;
				CLANG_WARN_BLOCK_CAPTURE_AUTORELEASING = YES;
				CLANG_WARN_BOOL_CONVERSION = YES;
				CLANG_WARN_COMMA = YES;
				CLANG_WARN_CONSTANT_CONVERSION = YES;
				CLANG_WARN_DEPRECATED_OBJC_IMPLEMENTATIONS = YES;
				CLANG_WARN_DIRECT_OBJC_ISA_USAGE = YES_ERROR;
				CLANG_WARN_DOCUMENTATION_COMMENTS = YES;
				CLANG_WARN_EMPTY_BODY = YES;
				CLANG_WARN_ENUM_CONVERSION = YES;
				CLANG_WARN_INFINITE_RECURSION = YES;
				CLANG_WARN_INT_CONVERSION = YES;
				CLANG_WARN_NON_LITERAL_NULL_CONVERSION = YES;
				CLANG_WARN_OBJC_IMPLICIT_RETAIN_SELF = YES;
				CLANG_WARN_OBJC_LITERAL_CONVERSION = YES;
				CLANG_WARN_OBJC_ROOT_CLASS = YES_ERROR;
				CLANG_WARN_QUOTED_INCLUDE_IN_FRAMEWORK_HEADER = YES;
				CLANG_WARN_RANGE_LOOP_ANALYSIS = YES;
				CLANG_WARN_STRICT_PROTOTYPES = YES;
				CLANG_WARN_SUSPICIOUS_MOVE = YES;
				CLANG_WARN_UNGUARDED_AVAILABILITY = YES_AGGRESSIVE;
				CLANG_WARN_UNREACHABLE_CODE = YES;
				CLANG_WARN__DUPLICATE_METHOD_MATCH = YES;
				COPY_PHASE_STRIP = NO;
				CURRENT_PROJECT_VERSION = 1;
				DEBUG_INFORMATION_FORMAT = dwarf;
				ENABLE_STRICT_OBJC_MSGSEND = YES;
				ENABLE_TESTABILITY = YES;
				GCC_C_LANGUAGE_STANDARD = gnu11;
				GCC_DYNAMIC_NO_PIC = NO;
				GCC_NO_COMMON_BLOCKS = YES;
				GCC_OPTIMIZATION_LEVEL = 0;
				GCC_PREPROCESSOR_DEFINITIONS = (
					"$(inherited)",
					"DEBUG=1",
				);
				GCC_WARN_64_TO_32_BIT_CONVERSION = YES;
				GCC_WARN_ABOUT_RETURN_TYPE = YES_ERROR;
				GCC_WARN_UNDECLARED_SELECTOR = YES;
				GCC_WARN_UNINITIALIZED_AUTOS = YES_AGGRESSIVE;
				GCC_WARN_UNUSED_FUNCTION = YES;
				GCC_WARN_UNUSED_VARIABLE = YES;
				GENERATE_INFOPLIST_FILE = YES;
				INFOPLIST_KEY_CFBundleDisplayName = Luna;
				INFOPLIST_KEY_NSHumanReadableCopyright = "Copyright © 2026 Luna";
				MACOSX_DEPLOYMENT_TARGET = 26.0;
				MARKETING_VERSION = 1.0.0;
				MTL_ENABLE_DEBUG_INFO = INCLUDE_SOURCE;
				MTL_FAST_MATH = YES;
				ONLY_ACTIVE_ARCH = YES;
				PRODUCT_NAME = "$(TARGET_NAME)";
				SDKROOT = macosx;
				SWIFT_ACTIVE_COMPILATION_CONDITIONS = DEBUG;
				SWIFT_OPTIMIZATION_LEVEL = "-Onone";
				SWIFT_VERSION = 6.0;
			};
			name = Debug;
		};
		BE8FFA4E756537796B2C346C /* Release */ = {
			isa = XCBuildConfiguration;
			buildSettings = {
				ALWAYS_SEARCH_USER_PATHS = NO;
				CLANG_ANALYZER_NONNULL = YES;
				CLANG_ANALYZER_NUMBER_OBJECT_CONVERSION = YES_AGGRESSIVE;
				CLANG_CXX_LANGUAGE_STANDARD = "gnu++14";
				CLANG_CXX_LIBRARY = "libc++";
				CLANG_ENABLE_MODULES = YES;
				CLANG_ENABLE_OBJC_ARC = YES;
				CLANG_ENABLE_OBJC_WEAK = YES;
				CLANG_WARN_BLOCK_CAPTURE_AUTORELEASING = YES;
				CLANG_WARN_BOOL_CONVERSION = YES;
				CLANG_WARN_COMMA = YES;
				CLANG_WARN_CONSTANT_CONVERSION = YES;
				CLANG_WARN_DEPRECATED_OBJC_IMPLEMENTATIONS = YES;
				CLANG_WARN_DIRECT_OBJC_ISA_USAGE = YES_ERROR;
				CLANG_WARN_DOCUMENTATION_COMMENTS = YES;
				CLANG_WARN_EMPTY_BODY = YES;
				CLANG_WARN_ENUM_CONVERSION = YES;
				CLANG_WARN_INFINITE_RECURSION = YES;
				CLANG_WARN_INT_CONVERSION = YES;
				CLANG_WARN_NON_LITERAL_NULL_CONVERSION = YES;
				CLANG_WARN_OBJC_IMPLICIT_RETAIN_SELF = YES;
				CLANG_WARN_OBJC_LITERAL_CONVERSION = YES;
				CLANG_WARN_OBJC_ROOT_CLASS = YES_ERROR;
				CLANG_WARN_QUOTED_INCLUDE_IN_FRAMEWORK_HEADER = YES;
				CLANG_WARN_RANGE_LOOP_ANALYSIS = YES;
				CLANG_WARN_STRICT_PROTOTYPES = YES;
				CLANG_WARN_SUSPICIOUS_MOVE = YES;
				CLANG_WARN_UNGUARDED_AVAILABILITY = YES_AGGRESSIVE;
				CLANG_WARN_UNREACHABLE_CODE = YES;
				CLANG_WARN__DUPLICATE_METHOD_MATCH = YES;
				COPY_PHASE_STRIP = NO;
				CURRENT_PROJECT_VERSION = 1;
				DEBUG_INFORMATION_FORMAT = "dwarf-with-dsym";
				ENABLE_NS_ASSERTIONS = NO;
				ENABLE_STRICT_OBJC_MSGSEND = YES;
				GCC_C_LANGUAGE_STANDARD = gnu11;
				GCC_NO_COMMON_BLOCKS = YES;
				GCC_WARN_64_TO_32_BIT_CONVERSION = YES;
				GCC_WARN_ABOUT_RETURN_TYPE = YES_ERROR;
				GCC_WARN_UNDECLARED_SELECTOR = YES;
				GCC_WARN_UNINITIALIZED_AUTOS = YES_AGGRESSIVE;
				GCC_WARN_UNUSED_FUNCTION = YES;
				GCC_WARN_UNUSED_VARIABLE = YES;
				GENERATE_INFOPLIST_FILE = YES;
				INFOPLIST_KEY_CFBundleDisplayName = Luna;
				INFOPLIST_KEY_NSHumanReadableCopyright = "Copyright © 2026 Luna";
				MACOSX_DEPLOYMENT_TARGET = 26.0;
				MARKETING_VERSION = 1.0.0;
				MTL_ENABLE_DEBUG_INFO = NO;
				MTL_FAST_MATH = YES;
				PRODUCT_NAME = "$(TARGET_NAME)";
				SDKROOT = macosx;
				SWIFT_COMPILATION_MODE = wholemodule;
				SWIFT_OPTIMIZATION_LEVEL = "-O";
				SWIFT_VERSION = 6.0;
			};
			name = Release;
		};
		EF8E41EA2060612BE05B6ECF /* Release */ = {
			isa = XCBuildConfiguration;
			buildSettings = {
				ASSETCATALOG_COMPILER_APPICON_NAME = AppIcon;
				COMBINE_HIDPI_IMAGES = YES;
				INFOPLIST_KEY_LSMinimumSystemVersion = 26.0;
				INFOPLIST_KEY_NSAppTransportSecurity = "[\"NSAllowsArbitraryLoads\": true]";
				LD_RUNPATH_SEARCH_PATHS = (
					"$(inherited)",
					"@executable_path/../Frameworks",
				);
				PRODUCT_BUNDLE_IDENTIFIER = com.luna.mac;
				SDKROOT = macosx;
			};
			name = Release;
		};
/* End XCBuildConfiguration section */

/* Begin XCConfigurationList section */
		1B34AC1B320EF7EE77C46D07 /* Build configuration list for PBXProject "LunaMac" */ = {
			isa = XCConfigurationList;
			buildConfigurations = (
				B2F97A7A91F8CA0204D0496F /* Debug */,
				BE8FFA4E756537796B2C346C /* Release */,
			);
			defaultConfigurationIsVisible = 0;
			defaultConfigurationName = Debug;
		};
		BAA7E967B0D11F5FC70A1EFE /* Build configuration list for PBXNativeTarget "LunaMac" */ = {
			isa = XCConfigurationList;
			buildConfigurations = (
				7D3F4486F9EFDA1034C5B5DF /* Debug */,
				EF8E41EA2060612BE05B6ECF /* Release */,
			);
			defaultConfigurationIsVisible = 0;
			defaultConfigurationName = Debug;
		};
/* End XCConfigurationList section */

/* Begin XCLocalSwiftPackageReference section */
		64D720CCF27616688AFEFF48 /* XCLocalSwiftPackageReference "../../Packages/LunaCore" */ = {
			isa = XCLocalSwiftPackageReference;
			relativePath = ../../Packages/LunaCore;
		};
/* End XCLocalSwiftPackageReference section */

/* Begin XCSwiftPackageProductDependency section */
		4F6E3BD74A2D01311C1048D5 /* LunaCore */ = {
			isa = XCSwiftPackageProductDependency;
			productName = LunaCore;
		};
/* End XCSwiftPackageProductDependency section */
	};
	rootObject = 178C18AFD3EDC36A00A8E183 /* Project object */;
}
